
Microsoft Visual Studio Solution File, Format Version 12.00
# Visual Studio 15
VisualStudioVersion = 15.0.27703.2018
MinimumVisualStudioVersion = 10.0.40219.1
Project("{FAE04EC0-301F-11D3-BF4B-00C04F79EFBC}") = "UML_proj", "UML_proj\UML_proj.csproj", "{B4833049-658E-4B63-BB80-2C3491B62B1B}"
EndProject
Global
	GlobalSection(SolutionConfigurationPlatforms) = preSolution
		Debug|Any CPU = Debug|Any CPU
		Release|Any CPU = Release|Any CPU
	EndGlobalSection
	GlobalSection(ProjectConfigurationPlatforms) = postSolution
		{B4833049-658E-4B63-BB80-2C3491B62B1B}.Debug|Any CPU.ActiveCfg = Debug|Any CPU
		{B4833049-658E-4B63-BB80-2C3491B62B1B}.Debug|Any CPU.Build.0 = Debug|Any CPU
		{B4833049-658E-4B63-BB80-2C3491B62B1B}.Release|Any CPU.ActiveCfg = Release|Any CPU
		{B4833049-658E-4B63-BB80-2C3491B62B1B}.Release|Any CPU.Build.0 = Release|Any CPU
	EndGlobalSection
	GlobalSection(SolutionProperties) = preSolution
		HideSolutionNode = FALSE
	EndGlobalSection
	GlobalSection(ExtensibilityGlobals) = postSolution
		SolutionGuid = {D98D33AD-E5DD-489A-A1C6-BFF5C5C44987}
	EndGlobalSection
EndGlobal
